{
  "requires": true,
  "lockfileVersion": 1,
  "dependencies": {
    "async": {
      "version": "0.9.2",
      "resolved": "http://registry.npmjs.org/async/-/async-0.9.2.tgz",
      "integrity": "sha1-rqdNXmHB+JlhO/ZL2mbUx48v0X0="
    },
    "coffee-script": {
      "version": "1.12.7",
      "resolved": "https://registry.npmjs.org/coffee-script/-/coffee-script-1.12.7.tgz",
      "integrity": "sha512-fLeEhqwymYat/MpTPUjSKHVYYl0ec2mOyALEMLmzr5i1isuG+6jfI2j2d5oBO3VIzgUXgBVIcOT9uH1TFxBckw=="
    },
    "node-linq": {
      "version": "0.0.5",
      "resolved": "https://registry.npmjs.org/node-linq/-/node-linq-0.0.5.tgz",
      "integrity": "sha1-M2F0lyqCaaSKyulisZbNTZYZXrE=",
      "requires": {
        "async": "^0.9.0",
        "coffee-script": "^1.8.0"
      }
    }
  }
}
